
Microsoft Visual Studio Solution File, Format Version 12.00
# Visual Studio Version 16
VisualStudioVersion = 16.0.31321.278
MinimumVisualStudioVersion = 10.0.40219.1
Project("{2150E333-8FDC-42A3-9474-1A3956D46DE8}") = "FrontEnd", "FrontEnd", "{6231C596-F937-4F4F-8273-07FC749A089C}"
EndProject
Project("{9A19103F-16F7-4668-BE54-9A1E7A4F7556}") = "Mango.Web", "Mango.Web\Mango.Web.csproj", "{E10DD465-CCD2-4B8A-8608-694BF65E7689}"
EndProject
Project("{2150E333-8FDC-42A3-9474-1A3956D46DE8}") = "Services", "Services", "{F9F17E50-65B9-4C51-83A0-BB137CB6150F}"
EndProject
Project("{9A19103F-16F7-4668-BE54-9A1E7A4F7556}") = "Mango.Services.ProductApi", "Mango.Services.ProductApi\Mango.Services.ProductApi.csproj", "{86C6681F-5C8C-465F-9FDD-64A4CBE24542}"
EndProject
Project("{9A19103F-16F7-4668-BE54-9A1E7A4F7556}") = "Mango.Service.Identity", "Mango.Service.Identity\Mango.Service.Identity.csproj", "{0BD9FF27-4D11-4A63-A914-CCBD07C265D6}"
EndProject
Project("{9A19103F-16F7-4668-BE54-9A1E7A4F7556}") = "Mango.Services.ShoppingCartAPI", "Mango.Services.ShoppingCartAPI\Mango.Services.ShoppingCartAPI.csproj", "{8ABF522F-6931-4A0A-8EB0-A2E55F30437A}"
EndProject
Project("{9A19103F-16F7-4668-BE54-9A1E7A4F7556}") = "Mango.Services.CouponAPI", "Mango.Services.CouponAPI\Mango.Services.CouponAPI.csproj", "{F17918F5-C3B2-41D4-8348-B39E9B79B7E4}"
EndProject
Project("{2150E333-8FDC-42A3-9474-1A3956D46DE8}") = "Integration", "Integration", "{32CC73E8-5A8D-4334-AE79-A671DDC6CECA}"
EndProject
Project("{9A19103F-16F7-4668-BE54-9A1E7A4F7556}") = "Mango.MessageBus", "Mango.MessageBus\Mango.MessageBus.csproj", "{61F3A7F4-0627-4E7D-B91A-5E6D2C4387AE}"
EndProject
Project("{9A19103F-16F7-4668-BE54-9A1E7A4F7556}") = "Mango.Services.OrderAPI", "Mango.Services.OrderAPI\Mango.Services.OrderAPI.csproj", "{8ECB9411-4A68-4146-82AC-B511AFA1CD38}"
EndProject
Project("{2150E333-8FDC-42A3-9474-1A3956D46DE8}") = "Payments", "Payments", "{033A8337-41EF-4991-B15E-0E386A5E2D1F}"
EndProject
Project("{9A19103F-16F7-4668-BE54-9A1E7A4F7556}") = "PaymentProcessor", "PaymentProcessor\PaymentProcessor.csproj", "{8D872A94-2062-4BEC-A0B3-C219E3DDB9B5}"
EndProject
Project("{9A19103F-16F7-4668-BE54-9A1E7A4F7556}") = "Mango.Services.PaymentAPI", "Mango.Services.PaymentAPI\Mango.Services.PaymentAPI.csproj", "{49B6F6CA-7665-4B67-A622-48CF169A5FD7}"
EndProject
Project("{FAE04EC0-301F-11D3-BF4B-00C04F79EFBC}") = "Mango.Services.Email", "Mango.Services.Email\Mango.Services.Email.csproj", "{2F5CCFE6-8452-4F2B-B4BF-9D9EDD4EFABD}"
EndProject
Project("{2150E333-8FDC-42A3-9474-1A3956D46DE8}") = "Gateway", "Gateway", "{586560EE-17E3-4062-A026-9C218F1AAA40}"
EndProject
Project("{FAE04EC0-301F-11D3-BF4B-00C04F79EFBC}") = "Mango.GatewaySolution", "Mango.GatewaySolution\Mango.GatewaySolution\Mango.GatewaySolution.csproj", "{B0C095F9-F4BC-46A7-B62A-E1ED078A2E4C}"
EndProject
Global
	GlobalSection(SolutionConfigurationPlatforms) = preSolution
		Debug|Any CPU = Debug|Any CPU
		Release|Any CPU = Release|Any CPU
	EndGlobalSection
	GlobalSection(ProjectConfigurationPlatforms) = postSolution
		{E10DD465-CCD2-4B8A-8608-694BF65E7689}.Debug|Any CPU.ActiveCfg = Debug|Any CPU
		{E10DD465-CCD2-4B8A-8608-694BF65E7689}.Debug|Any CPU.Build.0 = Debug|Any CPU
		{E10DD465-CCD2-4B8A-8608-694BF65E7689}.Release|Any CPU.ActiveCfg = Release|Any CPU
		{E10DD465-CCD2-4B8A-8608-694BF65E7689}.Release|Any CPU.Build.0 = Release|Any CPU
		{86C6681F-5C8C-465F-9FDD-64A4CBE24542}.Debug|Any CPU.ActiveCfg = Debug|Any CPU
		{86C6681F-5C8C-465F-9FDD-64A4CBE24542}.Debug|Any CPU.Build.0 = Debug|Any CPU
		{86C6681F-5C8C-465F-9FDD-64A4CBE24542}.Release|Any CPU.ActiveCfg = Release|Any CPU
		{86C6681F-5C8C-465F-9FDD-64A4CBE24542}.Release|Any CPU.Build.0 = Release|Any CPU
		{0BD9FF27-4D11-4A63-A914-CCBD07C265D6}.Debug|Any CPU.ActiveCfg = Debug|Any CPU
		{0BD9FF27-4D11-4A63-A914-CCBD07C265D6}.Debug|Any CPU.Build.0 = Debug|Any CPU
		{0BD9FF27-4D11-4A63-A914-CCBD07C265D6}.Release|Any CPU.ActiveCfg = Release|Any CPU
		{0BD9FF27-4D11-4A63-A914-CCBD07C265D6}.Release|Any CPU.Build.0 = Release|Any CPU
		{8ABF522F-6931-4A0A-8EB0-A2E55F30437A}.Debug|Any CPU.ActiveCfg = Debug|Any CPU
		{8ABF522F-6931-4A0A-8EB0-A2E55F30437A}.Debug|Any CPU.Build.0 = Debug|Any CPU
		{8ABF522F-6931-4A0A-8EB0-A2E55F30437A}.Release|Any CPU.ActiveCfg = Release|Any CPU
		{8ABF522F-6931-4A0A-8EB0-A2E55F30437A}.Release|Any CPU.Build.0 = Release|Any CPU
		{F17918F5-C3B2-41D4-8348-B39E9B79B7E4}.Debug|Any CPU.ActiveCfg = Debug|Any CPU
		{F17918F5-C3B2-41D4-8348-B39E9B79B7E4}.Debug|Any CPU.Build.0 = Debug|Any CPU
		{F17918F5-C3B2-41D4-8348-B39E9B79B7E4}.Release|Any CPU.ActiveCfg = Release|Any CPU
		{F17918F5-C3B2-41D4-8348-B39E9B79B7E4}.Release|Any CPU.Build.0 = Release|Any CPU
		{61F3A7F4-0627-4E7D-B91A-5E6D2C4387AE}.Debug|Any CPU.ActiveCfg = Debug|Any CPU
		{61F3A7F4-0627-4E7D-B91A-5E6D2C4387AE}.Debug|Any CPU.Build.0 = Debug|Any CPU
		{61F3A7F4-0627-4E7D-B91A-5E6D2C4387AE}.Release|Any CPU.ActiveCfg = Release|Any CPU
		{61F3A7F4-0627-4E7D-B91A-5E6D2C4387AE}.Release|Any CPU.Build.0 = Release|Any CPU
		{8ECB9411-4A68-4146-82AC-B511AFA1CD38}.Debug|Any CPU.ActiveCfg = Debug|Any CPU
		{8ECB9411-4A68-4146-82AC-B511AFA1CD38}.Debug|Any CPU.Build.0 = Debug|Any CPU
		{8ECB9411-4A68-4146-82AC-B511AFA1CD38}.Release|Any CPU.ActiveCfg = Release|Any CPU
		{8ECB9411-4A68-4146-82AC-B511AFA1CD38}.Release|Any CPU.Build.0 = Release|Any CPU
		{8D872A94-2062-4BEC-A0B3-C219E3DDB9B5}.Debug|Any CPU.ActiveCfg = Debug|Any CPU
		{8D872A94-2062-4BEC-A0B3-C219E3DDB9B5}.Debug|Any CPU.Build.0 = Debug|Any CPU
		{8D872A94-2062-4BEC-A0B3-C219E3DDB9B5}.Release|Any CPU.ActiveCfg = Release|Any CPU
		{8D872A94-2062-4BEC-A0B3-C219E3DDB9B5}.Release|Any CPU.Build.0 = Release|Any CPU
		{49B6F6CA-7665-4B67-A622-48CF169A5FD7}.Debug|Any CPU.ActiveCfg = Debug|Any CPU
		{49B6F6CA-7665-4B67-A622-48CF169A5FD7}.Debug|Any CPU.Build.0 = Debug|Any CPU
		{49B6F6CA-7665-4B67-A622-48CF169A5FD7}.Release|Any CPU.ActiveCfg = Release|Any CPU
		{49B6F6CA-7665-4B67-A622-48CF169A5FD7}.Release|Any CPU.Build.0 = Release|Any CPU
		{2F5CCFE6-8452-4F2B-B4BF-9D9EDD4EFABD}.Debug|Any CPU.ActiveCfg = Debug|Any CPU
		{2F5CCFE6-8452-4F2B-B4BF-9D9EDD4EFABD}.Debug|Any CPU.Build.0 = Debug|Any CPU
		{2F5CCFE6-8452-4F2B-B4BF-9D9EDD4EFABD}.Release|Any CPU.ActiveCfg = Release|Any CPU
		{2F5CCFE6-8452-4F2B-B4BF-9D9EDD4EFABD}.Release|Any CPU.Build.0 = Release|Any CPU
		{B0C095F9-F4BC-46A7-B62A-E1ED078A2E4C}.Debug|Any CPU.ActiveCfg = Debug|Any CPU
		{B0C095F9-F4BC-46A7-B62A-E1ED078A2E4C}.Debug|Any CPU.Build.0 = Debug|Any CPU
		{B0C095F9-F4BC-46A7-B62A-E1ED078A2E4C}.Release|Any CPU.ActiveCfg = Release|Any CPU
		{B0C095F9-F4BC-46A7-B62A-E1ED078A2E4C}.Release|Any CPU.Build.0 = Release|Any CPU
	EndGlobalSection
	GlobalSection(SolutionProperties) = preSolution
		HideSolutionNode = FALSE
	EndGlobalSection
	GlobalSection(NestedProjects) = preSolution
		{E10DD465-CCD2-4B8A-8608-694BF65E7689} = {6231C596-F937-4F4F-8273-07FC749A089C}
		{86C6681F-5C8C-465F-9FDD-64A4CBE24542} = {F9F17E50-65B9-4C51-83A0-BB137CB6150F}
		{0BD9FF27-4D11-4A63-A914-CCBD07C265D6} = {F9F17E50-65B9-4C51-83A0-BB137CB6150F}
		{8ABF522F-6931-4A0A-8EB0-A2E55F30437A} = {F9F17E50-65B9-4C51-83A0-BB137CB6150F}
		{F17918F5-C3B2-41D4-8348-B39E9B79B7E4} = {F9F17E50-65B9-4C51-83A0-BB137CB6150F}
		{61F3A7F4-0627-4E7D-B91A-5E6D2C4387AE} = {32CC73E8-5A8D-4334-AE79-A671DDC6CECA}
		{8ECB9411-4A68-4146-82AC-B511AFA1CD38} = {F9F17E50-65B9-4C51-83A0-BB137CB6150F}
		{8D872A94-2062-4BEC-A0B3-C219E3DDB9B5} = {033A8337-41EF-4991-B15E-0E386A5E2D1F}
		{49B6F6CA-7665-4B67-A622-48CF169A5FD7} = {F9F17E50-65B9-4C51-83A0-BB137CB6150F}
		{2F5CCFE6-8452-4F2B-B4BF-9D9EDD4EFABD} = {F9F17E50-65B9-4C51-83A0-BB137CB6150F}
		{B0C095F9-F4BC-46A7-B62A-E1ED078A2E4C} = {586560EE-17E3-4062-A026-9C218F1AAA40}
	EndGlobalSection
	GlobalSection(ExtensibilityGlobals) = postSolution
		SolutionGuid = {08DB6C19-6574-4447-9411-551D59065A5C}
	EndGlobalSection
EndGlobal
